
Microsoft Visual Studio Solution File, Format Version 12.00
# Visual Studio 14
VisualStudioVersion = 14.0.25420.1
MinimumVisualStudioVersion = 10.0.40219.1
Project("{FAE04EC0-301F-11D3-BF4B-00C04F79EFBC}") = "Asp.NetMvcIntermediario", "Asp.NetMvcIntermediario\Asp.NetMvcIntermediario.csproj", "{EAF83438-7699-43AB-9B04-E2B87236C8EF}"
EndProject
Project("{FAE04EC0-301F-11D3-BF4B-00C04F79EFBC}") = "ArtigoCodeFirstMvc5", "ArtigoCodeFirstMvc5\ArtigoCodeFirstMvc5.csproj", "{E4361CAF-32A2-456E-819D-F6ED668BCC33}"
EndProject
Project("{FAE04EC0-301F-11D3-BF4B-00C04F79EFBC}") = "ContosoUniversity", "ContosoUniversity\ContosoUniversity.csproj", "{80C9EFED-647A-46E7-991E-2CA9325F3158}"
EndProject
Project("{00D1A9C2-B5F0-4AF3-8072-F6C62B433612}") = "ContosoUniversityData", "ContosoUniversityData\ContosoUniversityData.sqlproj", "{60D7735C-3F93-45CD-AD42-4DBB90B556A8}"
EndProject
Global
	GlobalSection(SolutionConfigurationPlatforms) = preSolution
		Debug|Any CPU = Debug|Any CPU
		Release|Any CPU = Release|Any CPU
	EndGlobalSection
	GlobalSection(ProjectConfigurationPlatforms) = postSolution
		{EAF83438-7699-43AB-9B04-E2B87236C8EF}.Debug|Any CPU.ActiveCfg = Debug|Any CPU
		{EAF83438-7699-43AB-9B04-E2B87236C8EF}.Debug|Any CPU.Build.0 = Debug|Any CPU
		{EAF83438-7699-43AB-9B04-E2B87236C8EF}.Release|Any CPU.ActiveCfg = Release|Any CPU
		{EAF83438-7699-43AB-9B04-E2B87236C8EF}.Release|Any CPU.Build.0 = Release|Any CPU
		{E4361CAF-32A2-456E-819D-F6ED668BCC33}.Debug|Any CPU.ActiveCfg = Debug|Any CPU
		{E4361CAF-32A2-456E-819D-F6ED668BCC33}.Debug|Any CPU.Build.0 = Debug|Any CPU
		{E4361CAF-32A2-456E-819D-F6ED668BCC33}.Release|Any CPU.ActiveCfg = Release|Any CPU
		{E4361CAF-32A2-456E-819D-F6ED668BCC33}.Release|Any CPU.Build.0 = Release|Any CPU
		{80C9EFED-647A-46E7-991E-2CA9325F3158}.Debug|Any CPU.ActiveCfg = Debug|Any CPU
		{80C9EFED-647A-46E7-991E-2CA9325F3158}.Debug|Any CPU.Build.0 = Debug|Any CPU
		{80C9EFED-647A-46E7-991E-2CA9325F3158}.Release|Any CPU.ActiveCfg = Release|Any CPU
		{80C9EFED-647A-46E7-991E-2CA9325F3158}.Release|Any CPU.Build.0 = Release|Any CPU
		{60D7735C-3F93-45CD-AD42-4DBB90B556A8}.Debug|Any CPU.ActiveCfg = Debug|Any CPU
		{60D7735C-3F93-45CD-AD42-4DBB90B556A8}.Debug|Any CPU.Build.0 = Debug|Any CPU
		{60D7735C-3F93-45CD-AD42-4DBB90B556A8}.Debug|Any CPU.Deploy.0 = Debug|Any CPU
		{60D7735C-3F93-45CD-AD42-4DBB90B556A8}.Release|Any CPU.ActiveCfg = Release|Any CPU
		{60D7735C-3F93-45CD-AD42-4DBB90B556A8}.Release|Any CPU.Build.0 = Release|Any CPU
		{60D7735C-3F93-45CD-AD42-4DBB90B556A8}.Release|Any CPU.Deploy.0 = Release|Any CPU
	EndGlobalSection
	GlobalSection(SolutionProperties) = preSolution
		HideSolutionNode = FALSE
	EndGlobalSection
EndGlobal
